PODS:
  - IQKeyboardManagerSwift (6.4.0)
  - RAMAnimatedTabBarController (5.0.1)

DEPENDENCIES:
  - IQKeyboardManagerSwift
  - RAMAnimatedTabBarController

SPEC REPOS:
  https://github.com/cocoapods/specs.git:
    - IQKeyboardManagerSwift
    - RAMAnimatedTabBarController

SPEC CHECKSUMS:
  IQKeyboardManagerSwift: ed9b04ee0e3067ffba543283462d619f944b05e5
  RAMAnimatedTabBarController: ec36fba2fa4679fd36db55098e3477fe9bd79f52

PODFILE CHECKSUM: 6adf5d2064f805ea8ade1185a9cd1302b142c4e0

COCOAPODS: 1.7.3
