// !$*UTF8*$!
{
	archiveVersion = 1;
	classes = {
	};
	objectVersion = 51;
	objects = {

/* Begin PBXBuildFile section */
		62845B1AE5FE751045FEC148 /* Pods_HealthKitInAction.framework in Frameworks */ = {isa = PBXBuildFile; fileRef = 388C54C2BA82FE2F5B054C6C /* Pods_HealthKitInAction.framework */; };
		693D66EA22D4224D00915C01 /* AppDelegate.swift in Sources */ = {isa = PBXBuildFile; fileRef = 693D66E922D4224D00915C01 /* AppDelegate.swift */; };
		693D66EF22D4224D00915C01 /* Main.storyboard in Resources */ = {isa = PBXBuildFile; fileRef = 693D66ED22D4224D00915C01 /* Main.storyboard */; };
		6947E4AD22D47C0500CFE8BD /* HealthKit.framework in Frameworks */ = {isa = PBXBuildFile; fileRef = 6947E4AC22D47C0500CFE8BD /* HealthKit.framework */; };
		6947E4AF22D47D3100CFE8BD /* Assets.xcassets in Resources */ = {isa = PBXBuildFile; fileRef = 6947E4AE22D47D3100CFE8BD /* Assets.xcassets */; };
		6947E4DA22D4826F00CFE8BD /* RAMAnimatedTabBarController+BottomLine.swift in Sources */ = {isa = PBXBuildFile; fileRef = 6947E4CA22D4826F00CFE8BD /* RAMAnimatedTabBarController+BottomLine.swift */; };
		6947E4DB22D4826F00CFE8BD /* RAMAnimatedTabBarController.swift in Sources */ = {isa = PBXBuildFile; fileRef = 6947E4CB22D4826F00CFE8BD /* RAMAnimatedTabBarController.swift */; };
		6947E4DC22D4826F00CFE8BD /* RAMBadge.swift in Sources */ = {isa = PBXBuildFile; fileRef = 6947E4CD22D4826F00CFE8BD /* RAMBadge.swift */; };
		6947E4DD22D4826F00CFE8BD /* RAMItemAnimationProtocol.swift in Sources */ = {isa = PBXBuildFile; fileRef = 6947E4CE22D4826F00CFE8BD /* RAMItemAnimationProtocol.swift */; };
		6947E4DE22D4826F00CFE8BD /* RAMFumeAnimation.swift in Sources */ = {isa = PBXBuildFile; fileRef = 6947E4D122D4826F00CFE8BD /* RAMFumeAnimation.swift */; };
		6947E4DF22D4826F00CFE8BD /* RAMFrameItemAnimation.swift in Sources */ = {isa = PBXBuildFile; fileRef = 6947E4D322D4826F00CFE8BD /* RAMFrameItemAnimation.swift */; };
		6947E4E022D4826F00CFE8BD /* RAMTransitionItemAnimations.swift in Sources */ = {isa = PBXBuildFile; fileRef = 6947E4D522D4826F00CFE8BD /* RAMTransitionItemAnimations.swift */; };
		6947E4E122D4826F00CFE8BD /* RAMRotationAnimation.swift in Sources */ = {isa = PBXBuildFile; fileRef = 6947E4D722D4826F00CFE8BD /* RAMRotationAnimation.swift */; };
		6947E4E222D4826F00CFE8BD /* RAMBounceAnimation.swift in Sources */ = {isa = PBXBuildFile; fileRef = 6947E4D922D4826F00CFE8BD /* RAMBounceAnimation.swift */; };
		6947E50422D48C2C00CFE8BD /* ToolsAnimation.plist in Resources */ = {isa = PBXBuildFile; fileRef = 6947E50222D48C2C00CFE8BD /* ToolsAnimation.plist */; };
/* End PBXBuildFile section */

/* Begin PBXFileReference section */
		388C54C2BA82FE2F5B054C6C /* Pods_HealthKitInAction.framework */ = {isa = PBXFileReference; explicitFileType = wrapper.framework; includeInIndex = 0; path = Pods_HealthKitInAction.framework; sourceTree = BUILT_PRODUCTS_DIR; };
		693D66E622D4224D00915C01 /* HealthKitInAction.app */ = {isa = PBXFileReference; explicitFileType = wrapper.application; includeInIndex = 0; path = HealthKitInAction.app; sourceTree = BUILT_PRODUCTS_DIR; };
		693D66E922D4224D00915C01 /* AppDelegate.swift */ = {isa = PBXFileReference; lastKnownFileType = sourcecode.swift; path = AppDelegate.swift; sourceTree = "<group>"; };
		693D66EE22D4224D00915C01 /* Base */ = {isa = PBXFileReference; lastKnownFileType = file.storyboard; name = Base; path = Base.lproj/Main.storyboard; sourceTree = "<group>"; };
		693D66F522D4224E00915C01 /* Info.plist */ = {isa = PBXFileReference; lastKnownFileType = text.plist.xml; path = Info.plist; sourceTree = "<group>"; };
		6947E4AC22D47C0500CFE8BD /* HealthKit.framework */ = {isa = PBXFileReference; lastKnownFileType = wrapper.framework; name = HealthKit.framework; path = System/Library/Frameworks/HealthKit.framework; sourceTree = SDKROOT; };
		6947E4AE22D47D3100CFE8BD /* Assets.xcassets */ = {isa = PBXFileReference; lastKnownFileType = folder.assetcatalog; path = Assets.xcassets; sourceTree = "<group>"; };
		6947E4CA22D4826F00CFE8BD /* RAMAnimatedTabBarController+BottomLine.swift */ = {isa = PBXFileReference; fileEncoding = 4; lastKnownFileType = sourcecode.swift; path = "RAMAnimatedTabBarController+BottomLine.swift"; sourceTree = "<group>"; };
		6947E4CB22D4826F00CFE8BD /* RAMAnimatedTabBarController.swift */ = {isa = PBXFileReference; fileEncoding = 4; lastKnownFileType = sourcecode.swift; path = RAMAnimatedTabBarController.swift; sourceTree = "<group>"; };
		6947E4CD22D4826F00CFE8BD /* RAMBadge.swift */ = {isa = PBXFileReference; fileEncoding = 4; lastKnownFileType = sourcecode.swift; path = RAMBadge.swift; sourceTree = "<group>"; };
		6947E4CE22D4826F00CFE8BD /* RAMItemAnimationProtocol.swift */ = {isa = PBXFileReference; fileEncoding = 4; lastKnownFileType = sourcecode.swift; path = RAMItemAnimationProtocol.swift; sourceTree = "<group>"; };
		6947E4D122D4826F00CFE8BD /* RAMFumeAnimation.swift */ = {isa = PBXFileReference; fileEncoding = 4; lastKnownFileType = sourcecode.swift; path = RAMFumeAnimation.swift; sourceTree = "<group>"; };
		6947E4D322D4826F00CFE8BD /* RAMFrameItemAnimation.swift */ = {isa = PBXFileReference; fileEncoding = 4; lastKnownFileType = sourcecode.swift; path = RAMFrameItemAnimation.swift; sourceTree = "<group>"; };
		6947E4D522D4826F00CFE8BD /* RAMTransitionItemAnimations.swift */ = {isa = PBXFileReference; fileEncoding = 4; lastKnownFileType = sourcecode.swift; path = RAMTransitionItemAnimations.swift; sourceTree = "<group>"; };
		6947E4D722D4826F00CFE8BD /* RAMRotationAnimation.swift */ = {isa = PBXFileReference; fileEncoding = 4; lastKnownFileType = sourcecode.swift; path = RAMRotationAnimation.swift; sourceTree = "<group>"; };
		6947E4D922D4826F00CFE8BD /* RAMBounceAnimation.swift */ = {isa = PBXFileReference; fileEncoding = 4; lastKnownFileType = sourcecode.swift; path = RAMBounceAnimation.swift; sourceTree = "<group>"; };
		6947E50222D48C2C00CFE8BD /* ToolsAnimation.plist */ = {isa = PBXFileReference; fileEncoding = 4; lastKnownFileType = text.plist.xml; path = ToolsAnimation.plist; sourceTree = "<group>"; };
		976E7F59800EFECB29DAB2BD /* Pods-HealthKitInAction.debug.xcconfig */ = {isa = PBXFileReference; includeInIndex = 1; lastKnownFileType = text.xcconfig; name = "Pods-HealthKitInAction.debug.xcconfig"; path = "Target Support Files/Pods-HealthKitInAction/Pods-HealthKitInAction.debug.xcconfig"; sourceTree = "<group>"; };
		FD389166E0B6F9854D7B7A82 /* Pods-HealthKitInAction.release.xcconfig */ = {isa = PBXFileReference; includeInIndex = 1; lastKnownFileType = text.xcconfig; name = "Pods-HealthKitInAction.release.xcconfig"; path = "Target Support Files/Pods-HealthKitInAction/Pods-HealthKitInAction.release.xcconfig"; sourceTree = "<group>"; };
/* End PBXFileReference section */

/* Begin PBXFrameworksBuildPhase section */
		693D66E322D4224D00915C01 /* Frameworks */ = {
			isa = PBXFrameworksBuildPhase;
			buildActionMask = 2147483647;
			files = (
				62845B1AE5FE751045FEC148 /* Pods_HealthKitInAction.framework in Frameworks */,
				6947E4AD22D47C0500CFE8BD /* HealthKit.framework in Frameworks */,
			);
			runOnlyForDeploymentPostprocessing = 0;
		};
/* End PBXFrameworksBuildPhase section */

/* Begin PBXGroup section */
		544A49A6864B37BA5E31A7F3 /* Pods */ = {
			isa = PBXGroup;
			children = (
				976E7F59800EFECB29DAB2BD /* Pods-HealthKitInAction.debug.xcconfig */,
				FD389166E0B6F9854D7B7A82 /* Pods-HealthKitInAction.release.xcconfig */,
			);
			path = Pods;
			sourceTree = "<group>";
		};
		693D66DD22D4224D00915C01 = {
			isa = PBXGroup;
			children = (
				693D66E822D4224D00915C01 /* HealthKitInAction */,
				693D66E722D4224D00915C01 /* Products */,
				544A49A6864B37BA5E31A7F3 /* Pods */,
				812EAEC9CF83A5D77A189F8C /* Frameworks */,
			);
			sourceTree = "<group>";
		};
		693D66E722D4224D00915C01 /* Products */ = {
			isa = PBXGroup;
			children = (
				693D66E622D4224D00915C01 /* HealthKitInAction.app */,
			);
			name = Products;
			sourceTree = "<group>";
		};
		693D66E822D4224D00915C01 /* HealthKitInAction */ = {
			isa = PBXGroup;
			children = (
				693D66E922D4224D00915C01 /* AppDelegate.swift */,
				6947E4AE22D47D3100CFE8BD /* Assets.xcassets */,
				693D66F522D4224E00915C01 /* Info.plist */,
				6947E4C522D4821D00CFE8BD /* Modules */,
				6947E4FF22D48C2C00CFE8BD /* Resources */,
			);
			path = HealthKitInAction;
			sourceTree = "<group>";
		};
		6947E4C522D4821D00CFE8BD /* Modules */ = {
			isa = PBXGroup;
			children = (
				6947E4C822D4826F00CFE8BD /* RAMAnimatedTabBarController */,
			);
			path = Modules;
			sourceTree = "<group>";
		};
		6947E4C822D4826F00CFE8BD /* RAMAnimatedTabBarController */ = {
			isa = PBXGroup;
			children = (
				6947E4C922D4826F00CFE8BD /* BottomLine */,
				6947E4CB22D4826F00CFE8BD /* RAMAnimatedTabBarController.swift */,
				6947E4CC22D4826F00CFE8BD /* RAMBadge */,
				6947E4CE22D4826F00CFE8BD /* RAMItemAnimationProtocol.swift */,
				6947E4CF22D4826F00CFE8BD /* Animations */,
			);
			path = RAMAnimatedTabBarController;
			sourceTree = "<group>";
		};
		6947E4C922D4826F00CFE8BD /* BottomLine */ = {
			isa = PBXGroup;
			children = (
				6947E4CA22D4826F00CFE8BD /* RAMAnimatedTabBarController+BottomLine.swift */,
			);
			path = BottomLine;
			sourceTree = "<group>";
		};
		6947E4CC22D4826F00CFE8BD /* RAMBadge */ = {
			isa = PBXGroup;
			children = (
				6947E4CD22D4826F00CFE8BD /* RAMBadge.swift */,
			);
			path = RAMBadge;
			sourceTree = "<group>";
		};
		6947E4CF22D4826F00CFE8BD /* Animations */ = {
			isa = PBXGroup;
			children = (
				6947E4D022D4826F00CFE8BD /* FumeAnimation */,
				6947E4D222D4826F00CFE8BD /* FrameAnimation */,
				6947E4D422D4826F00CFE8BD /* TransitionAniamtions */,
				6947E4D622D4826F00CFE8BD /* RotationAnimation */,
				6947E4D822D4826F00CFE8BD /* BounceAnimation */,
			);
			path = Animations;
			sourceTree = "<group>";
		};
		6947E4D022D4826F00CFE8BD /* FumeAnimation */ = {
			isa = PBXGroup;
			children = (
				6947E4D122D4826F00CFE8BD /* RAMFumeAnimation.swift */,
			);
			path = FumeAnimation;
			sourceTree = "<group>";
		};
		6947E4D222D4826F00CFE8BD /* FrameAnimation */ = {
			isa = PBXGroup;
			children = (
				6947E4D322D4826F00CFE8BD /* RAMFrameItemAnimation.swift */,
			);
			path = FrameAnimation;
			sourceTree = "<group>";
		};
		6947E4D422D4826F00CFE8BD /* TransitionAniamtions */ = {
			isa = PBXGroup;
			children = (
				6947E4D522D4826F00CFE8BD /* RAMTransitionItemAnimations.swift */,
			);
			path = TransitionAniamtions;
			sourceTree = "<group>";
		};
		6947E4D622D4826F00CFE8BD /* RotationAnimation */ = {
			isa = PBXGroup;
			children = (
				6947E4D722D4826F00CFE8BD /* RAMRotationAnimation.swift */,
			);
			path = RotationAnimation;
			sourceTree = "<group>";
		};
		6947E4D822D4826F00CFE8BD /* BounceAnimation */ = {
			isa = PBXGroup;
			children = (
				6947E4D922D4826F00CFE8BD /* RAMBounceAnimation.swift */,
			);
			path = BounceAnimation;
			sourceTree = "<group>";
		};
		6947E4FF22D48C2C00CFE8BD /* Resources */ = {
			isa = PBXGroup;
			children = (
				693D66ED22D4224D00915C01 /* Main.storyboard */,
				6947E50222D48C2C00CFE8BD /* ToolsAnimation.plist */,
			);
			path = Resources;
			sourceTree = "<group>";
		};
		812EAEC9CF83A5D77A189F8C /* Frameworks */ = {
			isa = PBXGroup;
			children = (
				6947E4AC22D47C0500CFE8BD /* HealthKit.framework */,
				388C54C2BA82FE2F5B054C6C /* Pods_HealthKitInAction.framework */,
			);
			name = Frameworks;
			sourceTree = "<group>";
		};
/* End PBXGroup section */

/* Begin PBXNativeTarget section */
		693D66E522D4224D00915C01 /* HealthKitInAction */ = {
			isa = PBXNativeTarget;
			buildConfigurationList = 693D66F822D4224E00915C01 /* Build configuration list for PBXNativeTarget "HealthKitInAction" */;
			buildPhases = (
				997ED8DEA1EFA349E4D402B3 /* [CP] Check Pods Manifest.lock */,
				693D66E222D4224D00915C01 /* Sources */,
				693D66E322D4224D00915C01 /* Frameworks */,
				693D66E422D4224D00915C01 /* Resources */,
				5791794751B186E2FFB9FC66 /* [CP] Embed Pods Frameworks */,
			);
			buildRules = (
			);
			dependencies = (
			);
			name = HealthKitInAction;
			productName = HealthKitInAction;
			productReference = 693D66E622D4224D00915C01 /* HealthKitInAction.app */;
			productType = "com.apple.product-type.application";
		};
/* End PBXNativeTarget section */

/* Begin PBXProject section */
		693D66DE22D4224D00915C01 /* Project object */ = {
			isa = PBXProject;
			attributes = {
				LastSwiftUpdateCheck = 1020;
				LastUpgradeCheck = 1020;
				ORGANIZATIONNAME = BetaTiger;
				TargetAttributes = {
					693D66E522D4224D00915C01 = {
						CreatedOnToolsVersion = 10.2.1;
						SystemCapabilities = {
							com.apple.HealthKit = {
								enabled = 1;
							};
							com.apple.HomeKit = {
								enabled = 0;
							};
						};
					};
				};
			};
			buildConfigurationList = 693D66E122D4224D00915C01 /* Build configuration list for PBXProject "HealthKitInAction" */;
			compatibilityVersion = "Xcode 9.3";
			developmentRegion = en;
			hasScannedForEncodings = 0;
			knownRegions = (
				en,
				Base,
			);
			mainGroup = 693D66DD22D4224D00915C01;
			productRefGroup = 693D66E722D4224D00915C01 /* Products */;
			projectDirPath = "";
			projectRoot = "";
			targets = (
				693D66E522D4224D00915C01 /* HealthKitInAction */,
			);
		};
/* End PBXProject section */

/* Begin PBXResourcesBuildPhase section */
		693D66E422D4224D00915C01 /* Resources */ = {
			isa = PBXResourcesBuildPhase;
			buildActionMask = 2147483647;
			files = (
				693D66EF22D4224D00915C01 /* Main.storyboard in Resources */,
				6947E4AF22D47D3100CFE8BD /* Assets.xcassets in Resources */,
				6947E50422D48C2C00CFE8BD /* ToolsAnimation.plist in Resources */,
			);
			runOnlyForDeploymentPostprocessing = 0;
		};
/* End PBXResourcesBuildPhase section */

/* Begin PBXShellScriptBuildPhase section */
		5791794751B186E2FFB9FC66 /* [CP] Embed Pods Frameworks */ = {
			isa = PBXShellScriptBuildPhase;
			buildActionMask = 2147483647;
			files = (
			);
			inputFileListPaths = (
				"${PODS_ROOT}/Target Support Files/Pods-HealthKitInAction/Pods-HealthKitInAction-frameworks-${CONFIGURATION}-input-files.xcfilelist",
			);
			name = "[CP] Embed Pods Frameworks";
			outputFileListPaths = (
				"${PODS_ROOT}/Target Support Files/Pods-HealthKitInAction/Pods-HealthKitInAction-frameworks-${CONFIGURATION}-output-files.xcfilelist",
			);
			runOnlyForDeploymentPostprocessing = 0;
			shellPath = /bin/sh;
			shellScript = "\"${PODS_ROOT}/Target Support Files/Pods-HealthKitInAction/Pods-HealthKitInAction-frameworks.sh\"\n";
			showEnvVarsInLog = 0;
		};
		997ED8DEA1EFA349E4D402B3 /* [CP] Check Pods Manifest.lock */ = {
			isa = PBXShellScriptBuildPhase;
			buildActionMask = 2147483647;
			files = (
			);
			inputFileListPaths = (
			);
			inputPaths = (
				"${PODS_PODFILE_DIR_PATH}/Podfile.lock",
				"${PODS_ROOT}/Manifest.lock",
			);
			name = "[CP] Check Pods Manifest.lock";
			outputFileListPaths = (
			);
			outputPaths = (
				"$(DERIVED_FILE_DIR)/Pods-HealthKitInAction-checkManifestLockResult.txt",
			);
			runOnlyForDeploymentPostprocessing = 0;
			shellPath = /bin/sh;
			shellScript = "diff \"${PODS_PODFILE_DIR_PATH}/Podfile.lock\" \"${PODS_ROOT}/Manifest.lock\" > /dev/null\nif [ $? != 0 ] ; then\n    # print error to STDERR\n    echo \"error: The sandbox is not in sync with the Podfile.lock. Run 'pod install' or update your CocoaPods installation.\" >&2\n    exit 1\nfi\n# This output is used by Xcode 'outputs' to avoid re-running this script phase.\necho \"SUCCESS\" > \"${SCRIPT_OUTPUT_FILE_0}\"\n";
			showEnvVarsInLog = 0;
		};
/* End PBXShellScriptBuildPhase section */

/* Begin PBXSourcesBuildPhase section */
		693D66E222D4224D00915C01 /* Sources */ = {
			isa = PBXSourcesBuildPhase;
			buildActionMask = 2147483647;
			files = (
				6947E4DC22D4826F00CFE8BD /* RAMBadge.swift in Sources */,
				6947E4DA22D4826F00CFE8BD /* RAMAnimatedTabBarController+BottomLine.swift in Sources */,
				6947E4DB22D4826F00CFE8BD /* RAMAnimatedTabBarController.swift in Sources */,
				6947E4E022D4826F00CFE8BD /* RAMTransitionItemAnimations.swift in Sources */,
				693D66EA22D4224D00915C01 /* AppDelegate.swift in Sources */,
				6947E4DF22D4826F00CFE8BD /* RAMFrameItemAnimation.swift in Sources */,
				6947E4DE22D4826F00CFE8BD /* RAMFumeAnimation.swift in Sources */,
				6947E4E222D4826F00CFE8BD /* RAMBounceAnimation.swift in Sources */,
				6947E4DD22D4826F00CFE8BD /* RAMItemAnimationProtocol.swift in Sources */,
				6947E4E122D4826F00CFE8BD /* RAMRotationAnimation.swift in Sources */,
			);
			runOnlyForDeploymentPostprocessing = 0;
		};
/* End PBXSourcesBuildPhase section */

/* Begin PBXVariantGroup section */
		693D66ED22D4224D00915C01 /* Main.storyboard */ = {
			isa = PBXVariantGroup;
			children = (
				693D66EE22D4224D00915C01 /* Base */,
			);
			name = Main.storyboard;
			sourceTree = "<group>";
		};
/* End PBXVariantGroup section */

/* Begin XCBuildConfiguration section */
		693D66F622D4224E00915C01 /* Debug */ = {
			isa = XCBuildConfiguration;
			buildSettings = {
				ALWAYS_SEARCH_USER_PATHS = NO;
				CLANG_ANALYZER_NONNULL = YES;
				CLANG_ANALYZER_NUMBER_OBJECT_CONVERSION = YES_AGGRESSIVE;
				CLANG_CXX_LANGUAGE_STANDARD = "gnu++14";
				CLANG_CXX_LIBRARY = "libc++";
				CLANG_ENABLE_MODULES = YES;
				CLANG_ENABLE_OBJC_ARC = YES;
				CLANG_ENABLE_OBJC_WEAK = YES;
				CLANG_WARN_BLOCK_CAPTURE_AUTORELEASING = YES;
				CLANG_WARN_BOOL_CONVERSION = YES;
				CLANG_WARN_COMMA = YES;
				CLANG_WARN_CONSTANT_CONVERSION = YES;
				CLANG_WARN_DEPRECATED_OBJC_IMPLEMENTATIONS = YES;
				CLANG_WARN_DIRECT_OBJC_ISA_USAGE = YES_ERROR;
				CLANG_WARN_DOCUMENTATION_COMMENTS = YES;
				CLANG_WARN_EMPTY_BODY = YES;
				CLANG_WARN_ENUM_CONVERSION = YES;
				CLANG_WARN_INFINITE_RECURSION = YES;
				CLANG_WARN_INT_CONVERSION = YES;
				CLANG_WARN_NON_LITERAL_NULL_CONVERSION = YES;
				CLANG_WARN_OBJC_IMPLICIT_RETAIN_SELF = YES;
				CLANG_WARN_OBJC_LITERAL_CONVERSION = YES;
				CLANG_WARN_OBJC_ROOT_CLASS = YES_ERROR;
				CLANG_WARN_RANGE_LOOP_ANALYSIS = YES;
				CLANG_WARN_STRICT_PROTOTYPES = YES;
				CLANG_WARN_SUSPICIOUS_MOVE = YES;
				CLANG_WARN_UNGUARDED_AVAILABILITY = YES_AGGRESSIVE;
				CLANG_WARN_UNREACHABLE_CODE = YES;
				CLANG_WARN__DUPLICATE_METHOD_MATCH = YES;
				CODE_SIGN_IDENTITY = "iPhone Developer";
				COPY_PHASE_STRIP = NO;
				DEBUG_INFORMATION_FORMAT = dwarf;
				ENABLE_STRICT_OBJC_MSGSEND = YES;
				ENABLE_TESTABILITY = YES;
				GCC_C_LANGUAGE_STANDARD = gnu11;
				GCC_DYNAMIC_NO_PIC = NO;
				GCC_NO_COMMON_BLOCKS = YES;
				GCC_OPTIMIZATION_LEVEL = 0;
				GCC_PREPROCESSOR_DEFINITIONS = (
					"DEBUG=1",
					"$(inherited)",
				);
				GCC_WARN_64_TO_32_BIT_CONVERSION = YES;
				GCC_WARN_ABOUT_RETURN_TYPE = YES_ERROR;
				GCC_WARN_UNDECLARED_SELECTOR = YES;
				GCC_WARN_UNINITIALIZED_AUTOS = YES_AGGRESSIVE;
				GCC_WARN_UNUSED_FUNCTION = YES;
				GCC_WARN_UNUSED_VARIABLE = YES;
				IPHONEOS_DEPLOYMENT_TARGET = 12.2;
				MTL_ENABLE_DEBUG_INFO = INCLUDE_SOURCE;
				MTL_FAST_MATH = YES;
				ONLY_ACTIVE_ARCH = YES;
				SDKROOT = iphoneos;
				SWIFT_ACTIVE_COMPILATION_CONDITIONS = DEBUG;
				SWIFT_OPTIMIZATION_LEVEL = "-Onone";
			};
			name = Debug;
		};
		693D66F722D4224E00915C01 /* Release */ = {
			isa = XCBuildConfiguration;
			buildSettings = {
				ALWAYS_SEARCH_USER_PATHS = NO;
				CLANG_ANALYZER_NONNULL = YES;
				CLANG_ANALYZER_NUMBER_OBJECT_CONVERSION = YES_AGGRESSIVE;
				CLANG_CXX_LANGUAGE_STANDARD = "gnu++14";
				CLANG_CXX_LIBRARY = "libc++";
				CLANG_ENABLE_MODULES = YES;
				CLANG_ENABLE_OBJC_ARC = YES;
				CLANG_ENABLE_OBJC_WEAK = YES;
				CLANG_WARN_BLOCK_CAPTURE_AUTORELEASING = YES;
				CLANG_WARN_BOOL_CONVERSION = YES;
				CLANG_WARN_COMMA = YES;
				CLANG_WARN_CONSTANT_CONVERSION = YES;
				CLANG_WARN_DEPRECATED_OBJC_IMPLEMENTATIONS = YES;
				CLANG_WARN_DIRECT_OBJC_ISA_USAGE = YES_ERROR;
				CLANG_WARN_DOCUMENTATION_COMMENTS = YES;
				CLANG_WARN_EMPTY_BODY = YES;
				CLANG_WARN_ENUM_CONVERSION = YES;
				CLANG_WARN_INFINITE_RECURSION = YES;
				CLANG_WARN_INT_CONVERSION = YES;
				CLANG_WARN_NON_LITERAL_NULL_CONVERSION = YES;
				CLANG_WARN_OBJC_IMPLICIT_RETAIN_SELF = YES;
				CLANG_WARN_OBJC_LITERAL_CONVERSION = YES;
				CLANG_WARN_OBJC_ROOT_CLASS = YES_ERROR;
				CLANG_WARN_RANGE_LOOP_ANALYSIS = YES;
				CLANG_WARN_STRICT_PROTOTYPES = YES;
				CLANG_WARN_SUSPICIOUS_MOVE = YES;
				CLANG_WARN_UNGUARDED_AVAILABILITY = YES_AGGRESSIVE;
				CLANG_WARN_UNREACHABLE_CODE = YES;
				CLANG_WARN__DUPLICATE_METHOD_MATCH = YES;
				CODE_SIGN_IDENTITY = "iPhone Developer";
				COPY_PHASE_STRIP = NO;
				DEBUG_INFORMATION_FORMAT = "dwarf-with-dsym";
				ENABLE_NS_ASSERTIONS = NO;
				ENABLE_STRICT_OBJC_MSGSEND = YES;
				GCC_C_LANGUAGE_STANDARD = gnu11;
				GCC_NO_COMMON_BLOCKS = YES;
				GCC_WARN_64_TO_32_BIT_CONVERSION = YES;
				GCC_WARN_ABOUT_RETURN_TYPE = YES_ERROR;
				GCC_WARN_UNDECLARED_SELECTOR = YES;
				GCC_WARN_UNINITIALIZED_AUTOS = YES_AGGRESSIVE;
				GCC_WARN_UNUSED_FUNCTION = YES;
				GCC_WARN_UNUSED_VARIABLE = YES;
				IPHONEOS_DEPLOYMENT_TARGET = 12.2;
				MTL_ENABLE_DEBUG_INFO = NO;
				MTL_FAST_MATH = YES;
				SDKROOT = iphoneos;
				SWIFT_COMPILATION_MODE = wholemodule;
				SWIFT_OPTIMIZATION_LEVEL = "-O";
				VALIDATE_PRODUCT = YES;
			};
			name = Release;
		};
		693D66F922D4224E00915C01 /* Debug */ = {
			isa = XCBuildConfiguration;
			baseConfigurationReference = 976E7F59800EFECB29DAB2BD /* Pods-HealthKitInAction.debug.xcconfig */;
			buildSettings = {
				ASSETCATALOG_COMPILER_APPICON_NAME = AppIcon;
				ASSETCATALOG_COMPILER_LAUNCHIMAGE_NAME = LaunchImage;
				CODE_SIGN_ENTITLEMENTS = HealthKitInAction/HealthKitInAction.entitlements;
				CODE_SIGN_STYLE = Automatic;
				DEVELOPMENT_TEAM = TZ4Y466F7Q;
				GCC_PRECOMPILE_PREFIX_HEADER = NO;
				GCC_PREFIX_HEADER = "";
				INFOPLIST_FILE = HealthKitInAction/Info.plist;
				IPHONEOS_DEPLOYMENT_TARGET = 10.0;
				LD_RUNPATH_SEARCH_PATHS = (
					"$(inherited)",
					"@executable_path/Frameworks",
				);
				PRODUCT_BUNDLE_IDENTIFIER = com.betatiger.HealthKitInAction;
				PRODUCT_NAME = "$(TARGET_NAME)";
				SWIFT_VERSION = 5.0;
				TARGETED_DEVICE_FAMILY = 1;
			};
			name = Debug;
		};
		693D66FA22D4224E00915C01 /* Release */ = {
			isa = XCBuildConfiguration;
			baseConfigurationReference = FD389166E0B6F9854D7B7A82 /* Pods-HealthKitInAction.release.xcconfig */;
			buildSettings = {
				ASSETCATALOG_COMPILER_APPICON_NAME = AppIcon;
				ASSETCATALOG_COMPILER_LAUNCHIMAGE_NAME = LaunchImage;
				CODE_SIGN_ENTITLEMENTS = HealthKitInAction/HealthKitInAction.entitlements;
				CODE_SIGN_STYLE = Automatic;
				DEVELOPMENT_TEAM = TZ4Y466F7Q;
				GCC_PRECOMPILE_PREFIX_HEADER = NO;
				GCC_PREFIX_HEADER = "";
				INFOPLIST_FILE = HealthKitInAction/Info.plist;
				IPHONEOS_DEPLOYMENT_TARGET = 10.0;
				LD_RUNPATH_SEARCH_PATHS = (
					"$(inherited)",
					"@executable_path/Frameworks",
				);
				PRODUCT_BUNDLE_IDENTIFIER = com.betatiger.HealthKitInAction;
				PRODUCT_NAME = "$(TARGET_NAME)";
				SWIFT_VERSION = 5.0;
				TARGETED_DEVICE_FAMILY = 1;
			};
			name = Release;
		};
/* End XCBuildConfiguration section */

/* Begin XCConfigurationList section */
		693D66E122D4224D00915C01 /* Build configuration list for PBXProject "HealthKitInAction" */ = {
			isa = XCConfigurationList;
			buildConfigurations = (
				693D66F622D4224E00915C01 /* Debug */,
				693D66F722D4224E00915C01 /* Release */,
			);
			defaultConfigurationIsVisible = 0;
			defaultConfigurationName = Release;
		};
		693D66F822D4224E00915C01 /* Build configuration list for PBXNativeTarget "HealthKitInAction" */ = {
			isa = XCConfigurationList;
			buildConfigurations = (
				693D66F922D4224E00915C01 /* Debug */,
				693D66FA22D4224E00915C01 /* Release */,
			);
			defaultConfigurationIsVisible = 0;
			defaultConfigurationName = Release;
		};
/* End XCConfigurationList section */
	};
	rootObject = 693D66DE22D4224D00915C01 /* Project object */;
}
